
Microsoft Visual Studio Solution File, Format Version 12.00
# Visual Studio Version 17
VisualStudioVersion = 17.0.31903.59
MinimumVisualStudioVersion = 10.0.40219.1
Project("{2150E333-8FDC-42A3-9474-1A3956D46DE8}") = "src", "src", "{827E0CD3-B72D-47B6-A68D-7590B98EB39B}"
EndProject
Project("{FAE04EC0-301F-11D3-BF4B-00C04F79EFBC}") = "FtoConsulting.PortfolioManager.Domain", "src\FtoConsulting.PortfolioManager.Domain\FtoConsulting.PortfolioManager.Domain.csproj", "{6F566A6F-AB99-4B7F-A23B-1C993F382C01}"
EndProject
Project("{FAE04EC0-301F-11D3-BF4B-00C04F79EFBC}") = "FtoConsulting.PortfolioManager.Application", "src\FtoConsulting.PortfolioManager.Application\FtoConsulting.PortfolioManager.Application.csproj", "{D2A57823-41CE-4020-A898-1719FCAEA3DB}"
EndProject
Project("{FAE04EC0-301F-11D3-BF4B-00C04F79EFBC}") = "FtoConsulting.PortfolioManager.Infrastructure", "src\FtoConsulting.PortfolioManager.Infrastructure\FtoConsulting.PortfolioManager.Infrastructure.csproj", "{B9760036-4ACF-49AE-ADDE-F745D56EB314}"
EndProject
Project("{FAE04EC0-301F-11D3-BF4B-00C04F79EFBC}") = "FtoConsulting.PortfolioManager.Api", "src\FtoConsulting.PortfolioManager.Api\FtoConsulting.PortfolioManager.Api.csproj", "{D1CF1654-CED5-4D60-9BF7-A338114F4DA8}"
EndProject
Project("{2150E333-8FDC-42A3-9474-1A3956D46DE8}") = "tests", "tests", "{0AB3BF05-4346-4AA6-1389-037BE0695223}"
EndProject
Project("{FAE04EC0-301F-11D3-BF4B-00C04F79EFBC}") = "FtoConsulting.PortfolioManager.Application.Tests", "tests\FtoConsulting.PortfolioManager.Application.Tests\FtoConsulting.PortfolioManager.Application.Tests.csproj", "{0140F7D5-0F69-4616-94BB-B559D10146EA}"
EndProject
Global
	GlobalSection(SolutionConfigurationPlatforms) = preSolution
		Debug|Any CPU = Debug|Any CPU
		Debug|x64 = Debug|x64
		Debug|x86 = Debug|x86
		Release|Any CPU = Release|Any CPU
		Release|x64 = Release|x64
		Release|x86 = Release|x86
	EndGlobalSection
	GlobalSection(ProjectConfigurationPlatforms) = postSolution
		{6F566A6F-AB99-4B7F-A23B-1C993F382C01}.Debug|Any CPU.ActiveCfg = Debug|Any CPU
		{6F566A6F-AB99-4B7F-A23B-1C993F382C01}.Debug|Any CPU.Build.0 = Debug|Any CPU
		{6F566A6F-AB99-4B7F-A23B-1C993F382C01}.Debug|x64.ActiveCfg = Debug|Any CPU
		{6F566A6F-AB99-4B7F-A23B-1C993F382C01}.Debug|x64.Build.0 = Debug|Any CPU
		{6F566A6F-AB99-4B7F-A23B-1C993F382C01}.Debug|x86.ActiveCfg = Debug|Any CPU
		{6F566A6F-AB99-4B7F-A23B-1C993F382C01}.Debug|x86.Build.0 = Debug|Any CPU
		{6F566A6F-AB99-4B7F-A23B-1C993F382C01}.Release|Any CPU.ActiveCfg = Release|Any CPU
		{6F566A6F-AB99-4B7F-A23B-1C993F382C01}.Release|Any CPU.Build.0 = Release|Any CPU
		{6F566A6F-AB99-4B7F-A23B-1C993F382C01}.Release|x64.ActiveCfg = Release|Any CPU
		{6F566A6F-AB99-4B7F-A23B-1C993F382C01}.Release|x64.Build.0 = Release|Any CPU
		{6F566A6F-AB99-4B7F-A23B-1C993F382C01}.Release|x86.ActiveCfg = Release|Any CPU
		{6F566A6F-AB99-4B7F-A23B-1C993F382C01}.Release|x86.Build.0 = Release|Any CPU
		{D2A57823-41CE-4020-A898-1719FCAEA3DB}.Debug|Any CPU.ActiveCfg = Debug|Any CPU
		{D2A57823-41CE-4020-A898-1719FCAEA3DB}.Debug|Any CPU.Build.0 = Debug|Any CPU
		{D2A57823-41CE-4020-A898-1719FCAEA3DB}.Debug|x64.ActiveCfg = Debug|Any CPU
		{D2A57823-41CE-4020-A898-1719FCAEA3DB}.Debug|x64.Build.0 = Debug|Any CPU
		{D2A57823-41CE-4020-A898-1719FCAEA3DB}.Debug|x86.ActiveCfg = Debug|Any CPU
		{D2A57823-41CE-4020-A898-1719FCAEA3DB}.Debug|x86.Build.0 = Debug|Any CPU
		{D2A57823-41CE-4020-A898-1719FCAEA3DB}.Release|Any CPU.ActiveCfg = Release|Any CPU
		{D2A57823-41CE-4020-A898-1719FCAEA3DB}.Release|Any CPU.Build.0 = Release|Any CPU
		{D2A57823-41CE-4020-A898-1719FCAEA3DB}.Release|x64.ActiveCfg = Release|Any CPU
		{D2A57823-41CE-4020-A898-1719FCAEA3DB}.Release|x64.Build.0 = Release|Any CPU
		{D2A57823-41CE-4020-A898-1719FCAEA3DB}.Release|x86.ActiveCfg = Release|Any CPU
		{D2A57823-41CE-4020-A898-1719FCAEA3DB}.Release|x86.Build.0 = Release|Any CPU
		{B9760036-4ACF-49AE-ADDE-F745D56EB314}.Debug|Any CPU.ActiveCfg = Debug|Any CPU
		{B9760036-4ACF-49AE-ADDE-F745D56EB314}.Debug|Any CPU.Build.0 = Debug|Any CPU
		{B9760036-4ACF-49AE-ADDE-F745D56EB314}.Debug|x64.ActiveCfg = Debug|Any CPU
		{B9760036-4ACF-49AE-ADDE-F745D56EB314}.Debug|x64.Build.0 = Debug|Any CPU
		{B9760036-4ACF-49AE-ADDE-F745D56EB314}.Debug|x86.ActiveCfg = Debug|Any CPU
		{B9760036-4ACF-49AE-ADDE-F745D56EB314}.Debug|x86.Build.0 = Debug|Any CPU
		{B9760036-4ACF-49AE-ADDE-F745D56EB314}.Release|Any CPU.ActiveCfg = Release|Any CPU
		{B9760036-4ACF-49AE-ADDE-F745D56EB314}.Release|Any CPU.Build.0 = Release|Any CPU
		{B9760036-4ACF-49AE-ADDE-F745D56EB314}.Release|x64.ActiveCfg = Release|Any CPU
		{B9760036-4ACF-49AE-ADDE-F745D56EB314}.Release|x64.Build.0 = Release|Any CPU
		{B9760036-4ACF-49AE-ADDE-F745D56EB314}.Release|x86.ActiveCfg = Release|Any CPU
		{B9760036-4ACF-49AE-ADDE-F745D56EB314}.Release|x86.Build.0 = Release|Any CPU
		{D1CF1654-CED5-4D60-9BF7-A338114F4DA8}.Debug|Any CPU.ActiveCfg = Debug|Any CPU
		{D1CF1654-CED5-4D60-9BF7-A338114F4DA8}.Debug|Any CPU.Build.0 = Debug|Any CPU
		{D1CF1654-CED5-4D60-9BF7-A338114F4DA8}.Debug|x64.ActiveCfg = Debug|Any CPU
		{D1CF1654-CED5-4D60-9BF7-A338114F4DA8}.Debug|x64.Build.0 = Debug|Any CPU
		{D1CF1654-CED5-4D60-9BF7-A338114F4DA8}.Debug|x86.ActiveCfg = Debug|Any CPU
		{D1CF1654-CED5-4D60-9BF7-A338114F4DA8}.Debug|x86.Build.0 = Debug|Any CPU
		{D1CF1654-CED5-4D60-9BF7-A338114F4DA8}.Release|Any CPU.ActiveCfg = Release|Any CPU
		{D1CF1654-CED5-4D60-9BF7-A338114F4DA8}.Release|Any CPU.Build.0 = Release|Any CPU
		{D1CF1654-CED5-4D60-9BF7-A338114F4DA8}.Release|x64.ActiveCfg = Release|Any CPU
		{D1CF1654-CED5-4D60-9BF7-A338114F4DA8}.Release|x64.Build.0 = Release|Any CPU
		{D1CF1654-CED5-4D60-9BF7-A338114F4DA8}.Release|x86.ActiveCfg = Release|Any CPU
		{D1CF1654-CED5-4D60-9BF7-A338114F4DA8}.Release|x86.Build.0 = Release|Any CPU
		{0140F7D5-0F69-4616-94BB-B559D10146EA}.Debug|Any CPU.ActiveCfg = Debug|Any CPU
		{0140F7D5-0F69-4616-94BB-B559D10146EA}.Debug|Any CPU.Build.0 = Debug|Any CPU
		{0140F7D5-0F69-4616-94BB-B559D10146EA}.Debug|x64.ActiveCfg = Debug|Any CPU
		{0140F7D5-0F69-4616-94BB-B559D10146EA}.Debug|x64.Build.0 = Debug|Any CPU
		{0140F7D5-0F69-4616-94BB-B559D10146EA}.Debug|x86.ActiveCfg = Debug|Any CPU
		{0140F7D5-0F69-4616-94BB-B559D10146EA}.Debug|x86.Build.0 = Debug|Any CPU
		{0140F7D5-0F69-4616-94BB-B559D10146EA}.Release|Any CPU.ActiveCfg = Release|Any CPU
		{0140F7D5-0F69-4616-94BB-B559D10146EA}.Release|Any CPU.Build.0 = Release|Any CPU
		{0140F7D5-0F69-4616-94BB-B559D10146EA}.Release|x64.ActiveCfg = Release|Any CPU
		{0140F7D5-0F69-4616-94BB-B559D10146EA}.Release|x64.Build.0 = Release|Any CPU
		{0140F7D5-0F69-4616-94BB-B559D10146EA}.Release|x86.ActiveCfg = Release|Any CPU
		{0140F7D5-0F69-4616-94BB-B559D10146EA}.Release|x86.Build.0 = Release|Any CPU
	EndGlobalSection
	GlobalSection(SolutionProperties) = preSolution
		HideSolutionNode = FALSE
	EndGlobalSection
	GlobalSection(NestedProjects) = preSolution
		{6F566A6F-AB99-4B7F-A23B-1C993F382C01} = {827E0CD3-B72D-47B6-A68D-7590B98EB39B}
		{D2A57823-41CE-4020-A898-1719FCAEA3DB} = {827E0CD3-B72D-47B6-A68D-7590B98EB39B}
		{B9760036-4ACF-49AE-ADDE-F745D56EB314} = {827E0CD3-B72D-47B6-A68D-7590B98EB39B}
		{D1CF1654-CED5-4D60-9BF7-A338114F4DA8} = {827E0CD3-B72D-47B6-A68D-7590B98EB39B}
		{0140F7D5-0F69-4616-94BB-B559D10146EA} = {0AB3BF05-4346-4AA6-1389-037BE0695223}
	EndGlobalSection
EndGlobal
